// !$*UTF8*$!
{
	archiveVersion = 1;
	classes = {
	};
	objectVersion = 56;
	objects = {

/* Begin PBXBuildFile section */
		88C4500A2A4CDBA700A72CF2 /* AppDelegate.swift in Sources */ = {isa = PBXBuildFile; fileRef = 88C450092A4CDBA700A72CF2 /* AppDelegate.swift */; };
		88C4500C2A4CDBA700A72CF2 /* SceneDelegate.swift in Sources */ = {isa = PBXBuildFile; fileRef = 88C4500B2A4CDBA700A72CF2 /* SceneDelegate.swift */; };
		88C450132A4CDBA800A72CF2 /* Assets.xcassets in Resources */ = {isa = PBXBuildFile; fileRef = 88C450122A4CDBA800A72CF2 /* Assets.xcassets */; };
		88C450162A4CDBA800A72CF2 /* LaunchScreen.storyboard in Resources */ = {isa = PBXBuildFile; fileRef = 88C450142A4CDBA800A72CF2 /* LaunchScreen.storyboard */; };
		88C450212A4CDBA800A72CF2 /* NEWSVIPERUIKITTests.swift in Sources */ = {isa = PBXBuildFile; fileRef = 88C450202A4CDBA800A72CF2 /* NEWSVIPERUIKITTests.swift */; };
		88C4502B2A4CDBA800A72CF2 /* NEWSVIPERUIKITUITests.swift in Sources */ = {isa = PBXBuildFile; fileRef = 88C4502A2A4CDBA800A72CF2 /* NEWSVIPERUIKITUITests.swift */; };
		88C4502D2A4CDBA800A72CF2 /* NEWSVIPERUIKITUITestsLaunchTests.swift in Sources */ = {isa = PBXBuildFile; fileRef = 88C4502C2A4CDBA800A72CF2 /* NEWSVIPERUIKITUITestsLaunchTests.swift */; };
		88C4503F2A4CDD1F00A72CF2 /* ReusableCell.swift in Sources */ = {isa = PBXBuildFile; fileRef = 88C4503E2A4CDD1F00A72CF2 /* ReusableCell.swift */; };
		88C450412A4CDD6500A72CF2 /* ConfigurableCell.swift in Sources */ = {isa = PBXBuildFile; fileRef = 88C450402A4CDD6500A72CF2 /* ConfigurableCell.swift */; };
		88C450562A4CDF2B00A72CF2 /* HomePresenter.swift in Sources */ = {isa = PBXBuildFile; fileRef = 88C450502A4CDF2B00A72CF2 /* HomePresenter.swift */; };
		88C450582A4CDF2B00A72CF2 /* HomeRouter.swift in Sources */ = {isa = PBXBuildFile; fileRef = 88C450522A4CDF2B00A72CF2 /* HomeRouter.swift */; };
		88C450592A4CDF2B00A72CF2 /* HomeModels.swift in Sources */ = {isa = PBXBuildFile; fileRef = 88C450532A4CDF2B00A72CF2 /* HomeModels.swift */; };
		88C4505A2A4CDF2B00A72CF2 /* HomeViewController.swift in Sources */ = {isa = PBXBuildFile; fileRef = 88C450542A4CDF2B00A72CF2 /* HomeViewController.swift */; };
		88C4505B2A4CDF2B00A72CF2 /* HomeInteractor.swift in Sources */ = {isa = PBXBuildFile; fileRef = 88C450552A4CDF2B00A72CF2 /* HomeInteractor.swift */; };
		88C4505E2A4CDF5100A72CF2 /* StoryboardInstantiable.swift in Sources */ = {isa = PBXBuildFile; fileRef = 88C4505D2A4CDF5100A72CF2 /* StoryboardInstantiable.swift */; };
		88C450602A4CE87500A72CF2 /* CollectionDataProvider.swift in Sources */ = {isa = PBXBuildFile; fileRef = 88C4505F2A4CE87500A72CF2 /* CollectionDataProvider.swift */; };
		88C450622A4CE89500A72CF2 /* CollectionDataSource.swift in Sources */ = {isa = PBXBuildFile; fileRef = 88C450612A4CE89500A72CF2 /* CollectionDataSource.swift */; };
		88C450672A4CE9E300A72CF2 /* CollectionArrayDataSource.swift in Sources */ = {isa = PBXBuildFile; fileRef = 88C450662A4CE9E300A72CF2 /* CollectionArrayDataSource.swift */; };
		88C450692A4CEA0700A72CF2 /* ArrayDataProvider.swift in Sources */ = {isa = PBXBuildFile; fileRef = 88C450682A4CEA0700A72CF2 /* ArrayDataProvider.swift */; };
		88C4506B2A4CEC1A00A72CF2 /* Network.swift in Sources */ = {isa = PBXBuildFile; fileRef = 88C4506A2A4CEC1A00A72CF2 /* Network.swift */; };
		88C4506E2A4D7E0000A72CF2 /* RequestType.swift in Sources */ = {isa = PBXBuildFile; fileRef = 88C4506D2A4D7E0000A72CF2 /* RequestType.swift */; };
		88C450702A4D7E7B00A72CF2 /* HomeView.storyboard in Resources */ = {isa = PBXBuildFile; fileRef = 88C4506F2A4D7E7B00A72CF2 /* HomeView.storyboard */; };
		88C450722A4D7E8F00A72CF2 /* HomeView+StoryBoard.swift in Sources */ = {isa = PBXBuildFile; fileRef = 88C450712A4D7E8F00A72CF2 /* HomeView+StoryBoard.swift */; };
		88C450752A4D893300A72CF2 /* Logger.swift in Sources */ = {isa = PBXBuildFile; fileRef = 88C450742A4D893300A72CF2 /* Logger.swift */; };
		88C450772A4DE8C200A72CF2 /* HomeViewDataSource.swift in Sources */ = {isa = PBXBuildFile; fileRef = 88C450762A4DE8C200A72CF2 /* HomeViewDataSource.swift */; };
		88C4507A2A4DE92E00A72CF2 /* NewsCollectionCell.swift in Sources */ = {isa = PBXBuildFile; fileRef = 88C450792A4DE92E00A72CF2 /* NewsCollectionCell.swift */; };
		88C4507D2A4DF75700A72CF2 /* UIImage+Extension.swift in Sources */ = {isa = PBXBuildFile; fileRef = 88C4507C2A4DF75700A72CF2 /* UIImage+Extension.swift */; };
		88C4507F2A4DF83300A72CF2 /* String+Extension.swift in Sources */ = {isa = PBXBuildFile; fileRef = 88C4507E2A4DF83300A72CF2 /* String+Extension.swift */; };
		88C450822A4DF8E500A72CF2 /* SDWebImage in Frameworks */ = {isa = PBXBuildFile; productRef = 88C450812A4DF8E500A72CF2 /* SDWebImage */; };
/* End PBXBuildFile section */

/* Begin PBXContainerItemProxy section */
		88C4501D2A4CDBA800A72CF2 /* PBXContainerItemProxy */ = {
			isa = PBXContainerItemProxy;
			containerPortal = 88C44FFE2A4CDBA700A72CF2 /* Project object */;
			proxyType = 1;
			remoteGlobalIDString = 88C450052A4CDBA700A72CF2;
			remoteInfo = NEWSVIPERUIKIT;
		};
		88C450272A4CDBA800A72CF2 /* PBXContainerItemProxy */ = {
			isa = PBXContainerItemProxy;
			containerPortal = 88C44FFE2A4CDBA700A72CF2 /* Project object */;
			proxyType = 1;
			remoteGlobalIDString = 88C450052A4CDBA700A72CF2;
			remoteInfo = NEWSVIPERUIKIT;
		};
/* End PBXContainerItemProxy section */

/* Begin PBXFileReference section */
		88C450062A4CDBA700A72CF2 /* NEWSVIPERUIKIT.app */ = {isa = PBXFileReference; explicitFileType = wrapper.application; includeInIndex = 0; path = NEWSVIPERUIKIT.app; sourceTree = BUILT_PRODUCTS_DIR; };
		88C450092A4CDBA700A72CF2 /* AppDelegate.swift */ = {isa = PBXFileReference; lastKnownFileType = sourcecode.swift; path = AppDelegate.swift; sourceTree = "<group>"; };
		88C4500B2A4CDBA700A72CF2 /* SceneDelegate.swift */ = {isa = PBXFileReference; lastKnownFileType = sourcecode.swift; path = SceneDelegate.swift; sourceTree = "<group>"; };
		88C450122A4CDBA800A72CF2 /* Assets.xcassets */ = {isa = PBXFileReference; lastKnownFileType = folder.assetcatalog; path = Assets.xcassets; sourceTree = "<group>"; };
		88C450152A4CDBA800A72CF2 /* Base */ = {isa = PBXFileReference; lastKnownFileType = file.storyboard; name = Base; path = Base.lproj/LaunchScreen.storyboard; sourceTree = "<group>"; };
		88C450172A4CDBA800A72CF2 /* Info.plist */ = {isa = PBXFileReference; lastKnownFileType = text.plist.xml; path = Info.plist; sourceTree = "<group>"; };
		88C4501C2A4CDBA800A72CF2 /* NEWSVIPERUIKITTests.xctest */ = {isa = PBXFileReference; explicitFileType = wrapper.cfbundle; includeInIndex = 0; path = NEWSVIPERUIKITTests.xctest; sourceTree = BUILT_PRODUCTS_DIR; };
		88C450202A4CDBA800A72CF2 /* NEWSVIPERUIKITTests.swift */ = {isa = PBXFileReference; lastKnownFileType = sourcecode.swift; path = NEWSVIPERUIKITTests.swift; sourceTree = "<group>"; };
		88C450262A4CDBA800A72CF2 /* NEWSVIPERUIKITUITests.xctest */ = {isa = PBXFileReference; explicitFileType = wrapper.cfbundle; includeInIndex = 0; path = NEWSVIPERUIKITUITests.xctest; sourceTree = BUILT_PRODUCTS_DIR; };
		88C4502A2A4CDBA800A72CF2 /* NEWSVIPERUIKITUITests.swift */ = {isa = PBXFileReference; lastKnownFileType = sourcecode.swift; path = NEWSVIPERUIKITUITests.swift; sourceTree = "<group>"; };
		88C4502C2A4CDBA800A72CF2 /* NEWSVIPERUIKITUITestsLaunchTests.swift */ = {isa = PBXFileReference; lastKnownFileType = sourcecode.swift; path = NEWSVIPERUIKITUITestsLaunchTests.swift; sourceTree = "<group>"; };
		88C4503E2A4CDD1F00A72CF2 /* ReusableCell.swift */ = {isa = PBXFileReference; lastKnownFileType = sourcecode.swift; path = ReusableCell.swift; sourceTree = "<group>"; };
		88C450402A4CDD6500A72CF2 /* ConfigurableCell.swift */ = {isa = PBXFileReference; fileEncoding = 4; lastKnownFileType = sourcecode.swift; path = ConfigurableCell.swift; sourceTree = "<group>"; };
		88C450502A4CDF2B00A72CF2 /* HomePresenter.swift */ = {isa = PBXFileReference; lastKnownFileType = sourcecode.swift; path = HomePresenter.swift; sourceTree = "<group>"; };
		88C450522A4CDF2B00A72CF2 /* HomeRouter.swift */ = {isa = PBXFileReference; lastKnownFileType = sourcecode.swift; path = HomeRouter.swift; sourceTree = "<group>"; };
		88C450532A4CDF2B00A72CF2 /* HomeModels.swift */ = {isa = PBXFileReference; lastKnownFileType = sourcecode.swift; path = HomeModels.swift; sourceTree = "<group>"; };
		88C450542A4CDF2B00A72CF2 /* HomeViewController.swift */ = {isa = PBXFileReference; lastKnownFileType = sourcecode.swift; path = HomeViewController.swift; sourceTree = "<group>"; };
		88C450552A4CDF2B00A72CF2 /* HomeInteractor.swift */ = {isa = PBXFileReference; lastKnownFileType = sourcecode.swift; path = HomeInteractor.swift; sourceTree = "<group>"; };
		88C4505D2A4CDF5100A72CF2 /* StoryboardInstantiable.swift */ = {isa = PBXFileReference; fileEncoding = 4; lastKnownFileType = sourcecode.swift; path = StoryboardInstantiable.swift; sourceTree = "<group>"; };
		88C4505F2A4CE87500A72CF2 /* CollectionDataProvider.swift */ = {isa = PBXFileReference; lastKnownFileType = sourcecode.swift; path = CollectionDataProvider.swift; sourceTree = "<group>"; };
		88C450612A4CE89500A72CF2 /* CollectionDataSource.swift */ = {isa = PBXFileReference; lastKnownFileType = sourcecode.swift; path = CollectionDataSource.swift; sourceTree = "<group>"; };
		88C450662A4CE9E300A72CF2 /* CollectionArrayDataSource.swift */ = {isa = PBXFileReference; lastKnownFileType = sourcecode.swift; path = CollectionArrayDataSource.swift; sourceTree = "<group>"; };
		88C450682A4CEA0700A72CF2 /* ArrayDataProvider.swift */ = {isa = PBXFileReference; lastKnownFileType = sourcecode.swift; path = ArrayDataProvider.swift; sourceTree = "<group>"; };
		88C4506A2A4CEC1A00A72CF2 /* Network.swift */ = {isa = PBXFileReference; lastKnownFileType = sourcecode.swift; path = Network.swift; sourceTree = "<group>"; };
		88C4506D2A4D7E0000A72CF2 /* RequestType.swift */ = {isa = PBXFileReference; lastKnownFileType = sourcecode.swift; path = RequestType.swift; sourceTree = "<group>"; };
		88C4506F2A4D7E7B00A72CF2 /* HomeView.storyboard */ = {isa = PBXFileReference; lastKnownFileType = file.storyboard; path = HomeView.storyboard; sourceTree = "<group>"; };
		88C450712A4D7E8F00A72CF2 /* HomeView+StoryBoard.swift */ = {isa = PBXFileReference; lastKnownFileType = sourcecode.swift; path = "HomeView+StoryBoard.swift"; sourceTree = "<group>"; };
		88C450742A4D893300A72CF2 /* Logger.swift */ = {isa = PBXFileReference; lastKnownFileType = sourcecode.swift; path = Logger.swift; sourceTree = "<group>"; };
		88C450762A4DE8C200A72CF2 /* HomeViewDataSource.swift */ = {isa = PBXFileReference; lastKnownFileType = sourcecode.swift; path = HomeViewDataSource.swift; sourceTree = "<group>"; };
		88C450792A4DE92E00A72CF2 /* NewsCollectionCell.swift */ = {isa = PBXFileReference; lastKnownFileType = sourcecode.swift; path = NewsCollectionCell.swift; sourceTree = "<group>"; };
		88C4507C2A4DF75700A72CF2 /* UIImage+Extension.swift */ = {isa = PBXFileReference; lastKnownFileType = sourcecode.swift; path = "UIImage+Extension.swift"; sourceTree = "<group>"; };
		88C4507E2A4DF83300A72CF2 /* String+Extension.swift */ = {isa = PBXFileReference; lastKnownFileType = sourcecode.swift; path = "String+Extension.swift"; sourceTree = "<group>"; };
/* End PBXFileReference section */

/* Begin PBXFrameworksBuildPhase section */
		88C450032A4CDBA700A72CF2 /* Frameworks */ = {
			isa = PBXFrameworksBuildPhase;
			buildActionMask = 2147483647;
			files = (
				88C450822A4DF8E500A72CF2 /* SDWebImage in Frameworks */,
			);
			runOnlyForDeploymentPostprocessing = 0;
		};
		88C450192A4CDBA800A72CF2 /* Frameworks */ = {
			isa = PBXFrameworksBuildPhase;
			buildActionMask = 2147483647;
			files = (
			);
			runOnlyForDeploymentPostprocessing = 0;
		};
		88C450232A4CDBA800A72CF2 /* Frameworks */ = {
			isa = PBXFrameworksBuildPhase;
			buildActionMask = 2147483647;
			files = (
			);
			runOnlyForDeploymentPostprocessing = 0;
		};
/* End PBXFrameworksBuildPhase section */

/* Begin PBXGroup section */
		88C44FFD2A4CDBA700A72CF2 = {
			isa = PBXGroup;
			children = (
				88C450082A4CDBA700A72CF2 /* NEWSVIPERUIKIT */,
				88C4501F2A4CDBA800A72CF2 /* NEWSVIPERUIKITTests */,
				88C450292A4CDBA800A72CF2 /* NEWSVIPERUIKITUITests */,
				88C450072A4CDBA700A72CF2 /* Products */,
			);
			sourceTree = "<group>";
		};
		88C450072A4CDBA700A72CF2 /* Products */ = {
			isa = PBXGroup;
			children = (
				88C450062A4CDBA700A72CF2 /* NEWSVIPERUIKIT.app */,
				88C4501C2A4CDBA800A72CF2 /* NEWSVIPERUIKITTests.xctest */,
				88C450262A4CDBA800A72CF2 /* NEWSVIPERUIKITUITests.xctest */,
			);
			name = Products;
			sourceTree = "<group>";
		};
		88C450082A4CDBA700A72CF2 /* NEWSVIPERUIKIT */ = {
			isa = PBXGroup;
			children = (
				88C4506C2A4CEC2300A72CF2 /* Network */,
				88C450422A4CDD7E00A72CF2 /* Scenes */,
				88C4503C2A4CDD0600A72CF2 /* Common */,
				88C450392A4CDC9300A72CF2 /* Delegates */,
				88C4503B2A4CDCAA00A72CF2 /* Resources */,
				88C4503A2A4CDCA100A72CF2 /* Launch */,
				88C450172A4CDBA800A72CF2 /* Info.plist */,
			);
			path = NEWSVIPERUIKIT;
			sourceTree = "<group>";
		};
		88C4501F2A4CDBA800A72CF2 /* NEWSVIPERUIKITTests */ = {
			isa = PBXGroup;
			children = (
				88C450202A4CDBA800A72CF2 /* NEWSVIPERUIKITTests.swift */,
			);
			path = NEWSVIPERUIKITTests;
			sourceTree = "<group>";
		};
		88C450292A4CDBA800A72CF2 /* NEWSVIPERUIKITUITests */ = {
			isa = PBXGroup;
			children = (
				88C4502A2A4CDBA800A72CF2 /* NEWSVIPERUIKITUITests.swift */,
				88C4502C2A4CDBA800A72CF2 /* NEWSVIPERUIKITUITestsLaunchTests.swift */,
			);
			path = NEWSVIPERUIKITUITests;
			sourceTree = "<group>";
		};
		88C450392A4CDC9300A72CF2 /* Delegates */ = {
			isa = PBXGroup;
			children = (
				88C450092A4CDBA700A72CF2 /* AppDelegate.swift */,
				88C4500B2A4CDBA700A72CF2 /* SceneDelegate.swift */,
			);
			path = Delegates;
			sourceTree = "<group>";
		};
		88C4503A2A4CDCA100A72CF2 /* Launch */ = {
			isa = PBXGroup;
			children = (
				88C450142A4CDBA800A72CF2 /* LaunchScreen.storyboard */,
			);
			path = Launch;
			sourceTree = "<group>";
		};
		88C4503B2A4CDCAA00A72CF2 /* Resources */ = {
			isa = PBXGroup;
			children = (
				88C450122A4CDBA800A72CF2 /* Assets.xcassets */,
			);
			path = Resources;
			sourceTree = "<group>";
		};
		88C4503C2A4CDD0600A72CF2 /* Common */ = {
			isa = PBXGroup;
			children = (
				88C4507B2A4DF74800A72CF2 /* Extension */,
				88C450732A4D892400A72CF2 /* Utils */,
				88C4505C2A4CDF4700A72CF2 /* Protocols */,
				88C4503D2A4CDD0F00A72CF2 /* BaseViews */,
			);
			path = Common;
			sourceTree = "<group>";
		};
		88C4503D2A4CDD0F00A72CF2 /* BaseViews */ = {
			isa = PBXGroup;
			children = (
				88C450632A4CE97900A72CF2 /* CollectionView */,
			);
			path = BaseViews;
			sourceTree = "<group>";
		};
		88C450422A4CDD7E00A72CF2 /* Scenes */ = {
			isa = PBXGroup;
			children = (
				88C4504F2A4CDD9F00A72CF2 /* HomeView */,
			);
			path = Scenes;
			sourceTree = "<group>";
		};
		88C4504F2A4CDD9F00A72CF2 /* HomeView */ = {
			isa = PBXGroup;
			children = (
				88C450782A4DE8FC00A72CF2 /* Cells */,
				88C450502A4CDF2B00A72CF2 /* HomePresenter.swift */,
				88C450522A4CDF2B00A72CF2 /* HomeRouter.swift */,
				88C450532A4CDF2B00A72CF2 /* HomeModels.swift */,
				88C450542A4CDF2B00A72CF2 /* HomeViewController.swift */,
				88C450552A4CDF2B00A72CF2 /* HomeInteractor.swift */,
				88C450712A4D7E8F00A72CF2 /* HomeView+StoryBoard.swift */,
				88C450762A4DE8C200A72CF2 /* HomeViewDataSource.swift */,
				88C4506F2A4D7E7B00A72CF2 /* HomeView.storyboard */,
			);
			path = HomeView;
			sourceTree = "<group>";
		};
		88C4505C2A4CDF4700A72CF2 /* Protocols */ = {
			isa = PBXGroup;
			children = (
				88C4505D2A4CDF5100A72CF2 /* StoryboardInstantiable.swift */,
			);
			path = Protocols;
			sourceTree = "<group>";
		};
		88C450632A4CE97900A72CF2 /* CollectionView */ = {
			isa = PBXGroup;
			children = (
				88C450642A4CE98800A72CF2 /* CellAbstractions */,
				88C450652A4CE99B00A72CF2 /* CollectionView */,
			);
			path = CollectionView;
			sourceTree = "<group>";
		};
		88C450642A4CE98800A72CF2 /* CellAbstractions */ = {
			isa = PBXGroup;
			children = (
				88C450402A4CDD6500A72CF2 /* ConfigurableCell.swift */,
				88C4503E2A4CDD1F00A72CF2 /* ReusableCell.swift */,
			);
			path = CellAbstractions;
			sourceTree = "<group>";
		};
		88C450652A4CE99B00A72CF2 /* CollectionView */ = {
			isa = PBXGroup;
			children = (
				88C4505F2A4CE87500A72CF2 /* CollectionDataProvider.swift */,
				88C450612A4CE89500A72CF2 /* CollectionDataSource.swift */,
				88C450662A4CE9E300A72CF2 /* CollectionArrayDataSource.swift */,
				88C450682A4CEA0700A72CF2 /* ArrayDataProvider.swift */,
			);
			path = CollectionView;
			sourceTree = "<group>";
		};
		88C4506C2A4CEC2300A72CF2 /* Network */ = {
			isa = PBXGroup;
			children = (
				88C4506A2A4CEC1A00A72CF2 /* Network.swift */,
				88C4506D2A4D7E0000A72CF2 /* RequestType.swift */,
			);
			path = Network;
			sourceTree = "<group>";
		};
		88C450732A4D892400A72CF2 /* Utils */ = {
			isa = PBXGroup;
			children = (
				88C450742A4D893300A72CF2 /* Logger.swift */,
			);
			path = Utils;
			sourceTree = "<group>";
		};
		88C450782A4DE8FC00A72CF2 /* Cells */ = {
			isa = PBXGroup;
			children = (
				88C450792A4DE92E00A72CF2 /* NewsCollectionCell.swift */,
			);
			path = Cells;
			sourceTree = "<group>";
		};
		88C4507B2A4DF74800A72CF2 /* Extension */ = {
			isa = PBXGroup;
			children = (
				88C4507C2A4DF75700A72CF2 /* UIImage+Extension.swift */,
				88C4507E2A4DF83300A72CF2 /* String+Extension.swift */,
			);
			path = Extension;
			sourceTree = "<group>";
		};
/* End PBXGroup section */

/* Begin PBXNativeTarget section */
		88C450052A4CDBA700A72CF2 /* NEWSVIPERUIKIT */ = {
			isa = PBXNativeTarget;
			buildConfigurationList = 88C450302A4CDBA800A72CF2 /* Build configuration list for PBXNativeTarget "NEWSVIPERUIKIT" */;
			buildPhases = (
				88C450022A4CDBA700A72CF2 /* Sources */,
				88C450032A4CDBA700A72CF2 /* Frameworks */,
				88C450042A4CDBA700A72CF2 /* Resources */,
			);
			buildRules = (
			);
			dependencies = (
			);
			name = NEWSVIPERUIKIT;
			packageProductDependencies = (
				88C450812A4DF8E500A72CF2 /* SDWebImage */,
			);
			productName = NEWSVIPERUIKIT;
			productReference = 88C450062A4CDBA700A72CF2 /* NEWSVIPERUIKIT.app */;
			productType = "com.apple.product-type.application";
		};
		88C4501B2A4CDBA800A72CF2 /* NEWSVIPERUIKITTests */ = {
			isa = PBXNativeTarget;
			buildConfigurationList = 88C450332A4CDBA800A72CF2 /* Build configuration list for PBXNativeTarget "NEWSVIPERUIKITTests" */;
			buildPhases = (
				88C450182A4CDBA800A72CF2 /* Sources */,
				88C450192A4CDBA800A72CF2 /* Frameworks */,
				88C4501A2A4CDBA800A72CF2 /* Resources */,
			);
			buildRules = (
			);
			dependencies = (
				88C4501E2A4CDBA800A72CF2 /* PBXTargetDependency */,
			);
			name = NEWSVIPERUIKITTests;
			productName = NEWSVIPERUIKITTests;
			productReference = 88C4501C2A4CDBA800A72CF2 /* NEWSVIPERUIKITTests.xctest */;
			productType = "com.apple.product-type.bundle.unit-test";
		};
		88C450252A4CDBA800A72CF2 /* NEWSVIPERUIKITUITests */ = {
			isa = PBXNativeTarget;
			buildConfigurationList = 88C450362A4CDBA800A72CF2 /* Build configuration list for PBXNativeTarget "NEWSVIPERUIKITUITests" */;
			buildPhases = (
				88C450222A4CDBA800A72CF2 /* Sources */,
				88C450232A4CDBA800A72CF2 /* Frameworks */,
				88C450242A4CDBA800A72CF2 /* Resources */,
			);
			buildRules = (
			);
			dependencies = (
				88C450282A4CDBA800A72CF2 /* PBXTargetDependency */,
			);
			name = NEWSVIPERUIKITUITests;
			productName = NEWSVIPERUIKITUITests;
			productReference = 88C450262A4CDBA800A72CF2 /* NEWSVIPERUIKITUITests.xctest */;
			productType = "com.apple.product-type.bundle.ui-testing";
		};
/* End PBXNativeTarget section */

/* Begin PBXProject section */
		88C44FFE2A4CDBA700A72CF2 /* Project object */ = {
			isa = PBXProject;
			attributes = {
				BuildIndependentTargetsInParallel = 1;
				LastSwiftUpdateCheck = 1500;
				LastUpgradeCheck = 1500;
				TargetAttributes = {
					88C450052A4CDBA700A72CF2 = {
						CreatedOnToolsVersion = 15.0;
					};
					88C4501B2A4CDBA800A72CF2 = {
						CreatedOnToolsVersion = 15.0;
						TestTargetID = 88C450052A4CDBA700A72CF2;
					};
					88C450252A4CDBA800A72CF2 = {
						CreatedOnToolsVersion = 15.0;
						TestTargetID = 88C450052A4CDBA700A72CF2;
					};
				};
			};
			buildConfigurationList = 88C450012A4CDBA700A72CF2 /* Build configuration list for PBXProject "NEWSVIPERUIKIT" */;
			compatibilityVersion = "Xcode 14.0";
			developmentRegion = en;
			hasScannedForEncodings = 0;
			knownRegions = (
				en,
				Base,
			);
			mainGroup = 88C44FFD2A4CDBA700A72CF2;
			packageReferences = (
				88C450802A4DF8E500A72CF2 /* XCRemoteSwiftPackageReference "SDWebImage" */,
			);
			productRefGroup = 88C450072A4CDBA700A72CF2 /* Products */;
			projectDirPath = "";
			projectRoot = "";
			targets = (
				88C450052A4CDBA700A72CF2 /* NEWSVIPERUIKIT */,
				88C4501B2A4CDBA800A72CF2 /* NEWSVIPERUIKITTests */,
				88C450252A4CDBA800A72CF2 /* NEWSVIPERUIKITUITests */,
			);
		};
/* End PBXProject section */

/* Begin PBXResourcesBuildPhase section */
		88C450042A4CDBA700A72CF2 /* Resources */ = {
			isa = PBXResourcesBuildPhase;
			buildActionMask = 2147483647;
			files = (
				88C450702A4D7E7B00A72CF2 /* HomeView.storyboard in Resources */,
				88C450162A4CDBA800A72CF2 /* LaunchScreen.storyboard in Resources */,
				88C450132A4CDBA800A72CF2 /* Assets.xcassets in Resources */,
			);
			runOnlyForDeploymentPostprocessing = 0;
		};
		88C4501A2A4CDBA800A72CF2 /* Resources */ = {
			isa = PBXResourcesBuildPhase;
			buildActionMask = 2147483647;
			files = (
			);
			runOnlyForDeploymentPostprocessing = 0;
		};
		88C450242A4CDBA800A72CF2 /* Resources */ = {
			isa = PBXResourcesBuildPhase;
			buildActionMask = 2147483647;
			files = (
			);
			runOnlyForDeploymentPostprocessing = 0;
		};
/* End PBXResourcesBuildPhase section */

/* Begin PBXSourcesBuildPhase section */
		88C450022A4CDBA700A72CF2 /* Sources */ = {
			isa = PBXSourcesBuildPhase;
			buildActionMask = 2147483647;
			files = (
				88C450752A4D893300A72CF2 /* Logger.swift in Sources */,
				88C450592A4CDF2B00A72CF2 /* HomeModels.swift in Sources */,
				88C450692A4CEA0700A72CF2 /* ArrayDataProvider.swift in Sources */,
				88C4506B2A4CEC1A00A72CF2 /* Network.swift in Sources */,
				88C4500A2A4CDBA700A72CF2 /* AppDelegate.swift in Sources */,
				88C450412A4CDD6500A72CF2 /* ConfigurableCell.swift in Sources */,
				88C4507D2A4DF75700A72CF2 /* UIImage+Extension.swift in Sources */,
				88C4505B2A4CDF2B00A72CF2 /* HomeInteractor.swift in Sources */,
				88C450672A4CE9E300A72CF2 /* CollectionArrayDataSource.swift in Sources */,
				88C4507A2A4DE92E00A72CF2 /* NewsCollectionCell.swift in Sources */,
				88C450772A4DE8C200A72CF2 /* HomeViewDataSource.swift in Sources */,
				88C450602A4CE87500A72CF2 /* CollectionDataProvider.swift in Sources */,
				88C4507F2A4DF83300A72CF2 /* String+Extension.swift in Sources */,
				88C450582A4CDF2B00A72CF2 /* HomeRouter.swift in Sources */,
				88C4500C2A4CDBA700A72CF2 /* SceneDelegate.swift in Sources */,
				88C4506E2A4D7E0000A72CF2 /* RequestType.swift in Sources */,
				88C4505A2A4CDF2B00A72CF2 /* HomeViewController.swift in Sources */,
				88C450562A4CDF2B00A72CF2 /* HomePresenter.swift in Sources */,
				88C4505E2A4CDF5100A72CF2 /* StoryboardInstantiable.swift in Sources */,
				88C450722A4D7E8F00A72CF2 /* HomeView+StoryBoard.swift in Sources */,
				88C4503F2A4CDD1F00A72CF2 /* ReusableCell.swift in Sources */,
				88C450622A4CE89500A72CF2 /* CollectionDataSource.swift in Sources */,
			);
			runOnlyForDeploymentPostprocessing = 0;
		};
		88C450182A4CDBA800A72CF2 /* Sources */ = {
			isa = PBXSourcesBuildPhase;
			buildActionMask = 2147483647;
			files = (
				88C450212A4CDBA800A72CF2 /* NEWSVIPERUIKITTests.swift in Sources */,
			);
			runOnlyForDeploymentPostprocessing = 0;
		};
		88C450222A4CDBA800A72CF2 /* Sources */ = {
			isa = PBXSourcesBuildPhase;
			buildActionMask = 2147483647;
			files = (
				88C4502B2A4CDBA800A72CF2 /* NEWSVIPERUIKITUITests.swift in Sources */,
				88C4502D2A4CDBA800A72CF2 /* NEWSVIPERUIKITUITestsLaunchTests.swift in Sources */,
			);
			runOnlyForDeploymentPostprocessing = 0;
		};
/* End PBXSourcesBuildPhase section */

/* Begin PBXTargetDependency section */
		88C4501E2A4CDBA800A72CF2 /* PBXTargetDependency */ = {
			isa = PBXTargetDependency;
			target = 88C450052A4CDBA700A72CF2 /* NEWSVIPERUIKIT */;
			targetProxy = 88C4501D2A4CDBA800A72CF2 /* PBXContainerItemProxy */;
		};
		88C450282A4CDBA800A72CF2 /* PBXTargetDependency */ = {
			isa = PBXTargetDependency;
			target = 88C450052A4CDBA700A72CF2 /* NEWSVIPERUIKIT */;
			targetProxy = 88C450272A4CDBA800A72CF2 /* PBXContainerItemProxy */;
		};
/* End PBXTargetDependency section */

/* Begin PBXVariantGroup section */
		88C450142A4CDBA800A72CF2 /* LaunchScreen.storyboard */ = {
			isa = PBXVariantGroup;
			children = (
				88C450152A4CDBA800A72CF2 /* Base */,
			);
			name = LaunchScreen.storyboard;
			sourceTree = "<group>";
		};
/* End PBXVariantGroup section */

/* Begin XCBuildConfiguration section */
		88C4502E2A4CDBA800A72CF2 /* Debug */ = {
			isa = XCBuildConfiguration;
			buildSettings = {
				ALWAYS_SEARCH_USER_PATHS = NO;
				ASSETCATALOG_COMPILER_GENERATE_SWIFT_ASSET_SYMBOL_EXTENSIONS = YES;
				CLANG_ANALYZER_NONNULL = YES;
				CLANG_ANALYZER_NUMBER_OBJECT_CONVERSION = YES_AGGRESSIVE;
				CLANG_CXX_LANGUAGE_STANDARD = "gnu++20";
				CLANG_ENABLE_MODULES = YES;
				CLANG_ENABLE_OBJC_ARC = YES;
				CLANG_ENABLE_OBJC_WEAK = YES;
				CLANG_WARN_BLOCK_CAPTURE_AUTORELEASING = YES;
				CLANG_WARN_BOOL_CONVERSION = YES;
				CLANG_WARN_COMMA = YES;
				CLANG_WARN_CONSTANT_CONVERSION = YES;
				CLANG_WARN_DEPRECATED_OBJC_IMPLEMENTATIONS = YES;
				CLANG_WARN_DIRECT_OBJC_ISA_USAGE = YES_ERROR;
				CLANG_WARN_DOCUMENTATION_COMMENTS = YES;
				CLANG_WARN_EMPTY_BODY = YES;
				CLANG_WARN_ENUM_CONVERSION = YES;
				CLANG_WARN_INFINITE_RECURSION = YES;
				CLANG_WARN_INT_CONVERSION = YES;
				CLANG_WARN_NON_LITERAL_NULL_CONVERSION = YES;
				CLANG_WARN_OBJC_IMPLICIT_RETAIN_SELF = YES;
				CLANG_WARN_OBJC_LITERAL_CONVERSION = YES;
				CLANG_WARN_OBJC_ROOT_CLASS = YES_ERROR;
				CLANG_WARN_QUOTED_INCLUDE_IN_FRAMEWORK_HEADER = YES;
				CLANG_WARN_RANGE_LOOP_ANALYSIS = YES;
				CLANG_WARN_STRICT_PROTOTYPES = YES;
				CLANG_WARN_SUSPICIOUS_MOVE = YES;
				CLANG_WARN_UNGUARDED_AVAILABILITY = YES_AGGRESSIVE;
				CLANG_WARN_UNREACHABLE_CODE = YES;
				CLANG_WARN__DUPLICATE_METHOD_MATCH = YES;
				COPY_PHASE_STRIP = NO;
				DEBUG_INFORMATION_FORMAT = dwarf;
				ENABLE_STRICT_OBJC_MSGSEND = YES;
				ENABLE_TESTABILITY = YES;
				ENABLE_USER_SCRIPT_SANDBOXING = YES;
				GCC_C_LANGUAGE_STANDARD = gnu17;
				GCC_DYNAMIC_NO_PIC = NO;
				GCC_NO_COMMON_BLOCKS = YES;
				GCC_OPTIMIZATION_LEVEL = 0;
				GCC_PREPROCESSOR_DEFINITIONS = (
					"DEBUG=1",
					"$(inherited)",
				);
				GCC_WARN_64_TO_32_BIT_CONVERSION = YES;
				GCC_WARN_ABOUT_RETURN_TYPE = YES_ERROR;
				GCC_WARN_UNDECLARED_SELECTOR = YES;
				GCC_WARN_UNINITIALIZED_AUTOS = YES_AGGRESSIVE;
				GCC_WARN_UNUSED_FUNCTION = YES;
				GCC_WARN_UNUSED_VARIABLE = YES;
				IPHONEOS_DEPLOYMENT_TARGET = 17.0;
				LOCALIZATION_PREFERS_STRING_CATALOGS = YES;
				MTL_ENABLE_DEBUG_INFO = INCLUDE_SOURCE;
				MTL_FAST_MATH = YES;
				ONLY_ACTIVE_ARCH = YES;
				SDKROOT = iphoneos;
				SWIFT_ACTIVE_COMPILATION_CONDITIONS = "DEBUG $(inherited)";
				SWIFT_OPTIMIZATION_LEVEL = "-Onone";
			};
			name = Debug;
		};
		88C4502F2A4CDBA800A72CF2 /* Release */ = {
			isa = XCBuildConfiguration;
			buildSettings = {
				ALWAYS_SEARCH_USER_PATHS = NO;
				ASSETCATALOG_COMPILER_GENERATE_SWIFT_ASSET_SYMBOL_EXTENSIONS = YES;
				CLANG_ANALYZER_NONNULL = YES;
				CLANG_ANALYZER_NUMBER_OBJECT_CONVERSION = YES_AGGRESSIVE;
				CLANG_CXX_LANGUAGE_STANDARD = "gnu++20";
				CLANG_ENABLE_MODULES = YES;
				CLANG_ENABLE_OBJC_ARC = YES;
				CLANG_ENABLE_OBJC_WEAK = YES;
				CLANG_WARN_BLOCK_CAPTURE_AUTORELEASING = YES;
				CLANG_WARN_BOOL_CONVERSION = YES;
				CLANG_WARN_COMMA = YES;
				CLANG_WARN_CONSTANT_CONVERSION = YES;
				CLANG_WARN_DEPRECATED_OBJC_IMPLEMENTATIONS = YES;
				CLANG_WARN_DIRECT_OBJC_ISA_USAGE = YES_ERROR;
				CLANG_WARN_DOCUMENTATION_COMMENTS = YES;
				CLANG_WARN_EMPTY_BODY = YES;
				CLANG_WARN_ENUM_CONVERSION = YES;
				CLANG_WARN_INFINITE_RECURSION = YES;
				CLANG_WARN_INT_CONVERSION = YES;
				CLANG_WARN_NON_LITERAL_NULL_CONVERSION = YES;
				CLANG_WARN_OBJC_IMPLICIT_RETAIN_SELF = YES;
				CLANG_WARN_OBJC_LITERAL_CONVERSION = YES;
				CLANG_WARN_OBJC_ROOT_CLASS = YES_ERROR;
				CLANG_WARN_QUOTED_INCLUDE_IN_FRAMEWORK_HEADER = YES;
				CLANG_WARN_RANGE_LOOP_ANALYSIS = YES;
				CLANG_WARN_STRICT_PROTOTYPES = YES;
				CLANG_WARN_SUSPICIOUS_MOVE = YES;
				CLANG_WARN_UNGUARDED_AVAILABILITY = YES_AGGRESSIVE;
				CLANG_WARN_UNREACHABLE_CODE = YES;
				CLANG_WARN__DUPLICATE_METHOD_MATCH = YES;
				COPY_PHASE_STRIP = NO;
				DEBUG_INFORMATION_FORMAT = "dwarf-with-dsym";
				ENABLE_NS_ASSERTIONS = NO;
				ENABLE_STRICT_OBJC_MSGSEND = YES;
				ENABLE_USER_SCRIPT_SANDBOXING = YES;
				GCC_C_LANGUAGE_STANDARD = gnu17;
				GCC_NO_COMMON_BLOCKS = YES;
				GCC_WARN_64_TO_32_BIT_CONVERSION = YES;
				GCC_WARN_ABOUT_RETURN_TYPE = YES_ERROR;
				GCC_WARN_UNDECLARED_SELECTOR = YES;
				GCC_WARN_UNINITIALIZED_AUTOS = YES_AGGRESSIVE;
				GCC_WARN_UNUSED_FUNCTION = YES;
				GCC_WARN_UNUSED_VARIABLE = YES;
				IPHONEOS_DEPLOYMENT_TARGET = 17.0;
				LOCALIZATION_PREFERS_STRING_CATALOGS = YES;
				MTL_ENABLE_DEBUG_INFO = NO;
				MTL_FAST_MATH = YES;
				SDKROOT = iphoneos;
				SWIFT_COMPILATION_MODE = wholemodule;
				VALIDATE_PRODUCT = YES;
			};
			name = Release;
		};
		88C450312A4CDBA800A72CF2 /* Debug */ = {
			isa = XCBuildConfiguration;
			buildSettings = {
				ASSETCATALOG_COMPILER_APPICON_NAME = AppIcon;
				ASSETCATALOG_COMPILER_GLOBAL_ACCENT_COLOR_NAME = AccentColor;
				CODE_SIGN_STYLE = Automatic;
				CURRENT_PROJECT_VERSION = 1;
				DEVELOPMENT_TEAM = 7N2H5HVDGB;
				GENERATE_INFOPLIST_FILE = YES;
				INFOPLIST_FILE = NEWSVIPERUIKIT/Info.plist;
				INFOPLIST_KEY_UIApplicationSupportsIndirectInputEvents = YES;
				INFOPLIST_KEY_UILaunchStoryboardName = LaunchScreen;
				INFOPLIST_KEY_UISupportedInterfaceOrientations_iPad = "UIInterfaceOrientationPortrait UIInterfaceOrientationPortraitUpsideDown UIInterfaceOrientationLandscapeLeft UIInterfaceOrientationLandscapeRight";
				INFOPLIST_KEY_UISupportedInterfaceOrientations_iPhone = "UIInterfaceOrientationPortrait UIInterfaceOrientationLandscapeLeft UIInterfaceOrientationLandscapeRight";
				LD_RUNPATH_SEARCH_PATHS = (
					"$(inherited)",
					"@executable_path/Frameworks",
				);
				MARKETING_VERSION = 1.0;
				PRODUCT_BUNDLE_IDENTIFIER = com.oztech.NEWSVIPERUIKIT;
				PRODUCT_NAME = "$(TARGET_NAME)";
				SWIFT_EMIT_LOC_STRINGS = YES;
				SWIFT_VERSION = 5.0;
				TARGETED_DEVICE_FAMILY = "1,2";
			};
			name = Debug;
		};
		88C450322A4CDBA800A72CF2 /* Release */ = {
			isa = XCBuildConfiguration;
			buildSettings = {
				ASSETCATALOG_COMPILER_APPICON_NAME = AppIcon;
				ASSETCATALOG_COMPILER_GLOBAL_ACCENT_COLOR_NAME = AccentColor;
				CODE_SIGN_STYLE = Automatic;
				CURRENT_PROJECT_VERSION = 1;
				DEVELOPMENT_TEAM = 7N2H5HVDGB;
				GENERATE_INFOPLIST_FILE = YES;
				INFOPLIST_FILE = NEWSVIPERUIKIT/Info.plist;
				INFOPLIST_KEY_UIApplicationSupportsIndirectInputEvents = YES;
				INFOPLIST_KEY_UILaunchStoryboardName = LaunchScreen;
				INFOPLIST_KEY_UISupportedInterfaceOrientations_iPad = "UIInterfaceOrientationPortrait UIInterfaceOrientationPortraitUpsideDown UIInterfaceOrientationLandscapeLeft UIInterfaceOrientationLandscapeRight";
				INFOPLIST_KEY_UISupportedInterfaceOrientations_iPhone = "UIInterfaceOrientationPortrait UIInterfaceOrientationLandscapeLeft UIInterfaceOrientationLandscapeRight";
				LD_RUNPATH_SEARCH_PATHS = (
					"$(inherited)",
					"@executable_path/Frameworks",
				);
				MARKETING_VERSION = 1.0;
				PRODUCT_BUNDLE_IDENTIFIER = com.oztech.NEWSVIPERUIKIT;
				PRODUCT_NAME = "$(TARGET_NAME)";
				SWIFT_EMIT_LOC_STRINGS = YES;
				SWIFT_VERSION = 5.0;
				TARGETED_DEVICE_FAMILY = "1,2";
			};
			name = Release;
		};
		88C450342A4CDBA800A72CF2 /* Debug */ = {
			isa = XCBuildConfiguration;
			buildSettings = {
				ALWAYS_EMBED_SWIFT_STANDARD_LIBRARIES = YES;
				BUNDLE_LOADER = "$(TEST_HOST)";
				CODE_SIGN_STYLE = Automatic;
				CURRENT_PROJECT_VERSION = 1;
				DEVELOPMENT_TEAM = 7N2H5HVDGB;
				GENERATE_INFOPLIST_FILE = YES;
				IPHONEOS_DEPLOYMENT_TARGET = 17.0;
				MARKETING_VERSION = 1.0;
				PRODUCT_BUNDLE_IDENTIFIER = com.oztech.NEWSVIPERUIKITTests;
				PRODUCT_NAME = "$(TARGET_NAME)";
				SWIFT_EMIT_LOC_STRINGS = NO;
				SWIFT_VERSION = 5.0;
				TARGETED_DEVICE_FAMILY = "1,2";
				TEST_HOST = "$(BUILT_PRODUCTS_DIR)/NEWSVIPERUIKIT.app/$(BUNDLE_EXECUTABLE_FOLDER_PATH)/NEWSVIPERUIKIT";
			};
			name = Debug;
		};
		88C450352A4CDBA800A72CF2 /* Release */ = {
			isa = XCBuildConfiguration;
			buildSettings = {
				ALWAYS_EMBED_SWIFT_STANDARD_LIBRARIES = YES;
				BUNDLE_LOADER = "$(TEST_HOST)";
				CODE_SIGN_STYLE = Automatic;
				CURRENT_PROJECT_VERSION = 1;
				DEVELOPMENT_TEAM = 7N2H5HVDGB;
				GENERATE_INFOPLIST_FILE = YES;
				IPHONEOS_DEPLOYMENT_TARGET = 17.0;
				MARKETING_VERSION = 1.0;
				PRODUCT_BUNDLE_IDENTIFIER = com.oztech.NEWSVIPERUIKITTests;
				PRODUCT_NAME = "$(TARGET_NAME)";
				SWIFT_EMIT_LOC_STRINGS = NO;
				SWIFT_VERSION = 5.0;
				TARGETED_DEVICE_FAMILY = "1,2";
				TEST_HOST = "$(BUILT_PRODUCTS_DIR)/NEWSVIPERUIKIT.app/$(BUNDLE_EXECUTABLE_FOLDER_PATH)/NEWSVIPERUIKIT";
			};
			name = Release;
		};
		88C450372A4CDBA800A72CF2 /* Debug */ = {
			isa = XCBuildConfiguration;
			buildSettings = {
				ALWAYS_EMBED_SWIFT_STANDARD_LIBRARIES = YES;
				CODE_SIGN_STYLE = Automatic;
				CURRENT_PROJECT_VERSION = 1;
				DEVELOPMENT_TEAM = 7N2H5HVDGB;
				GENERATE_INFOPLIST_FILE = YES;
				MARKETING_VERSION = 1.0;
				PRODUCT_BUNDLE_IDENTIFIER = com.oztech.NEWSVIPERUIKITUITests;
				PRODUCT_NAME = "$(TARGET_NAME)";
				SWIFT_EMIT_LOC_STRINGS = NO;
				SWIFT_VERSION = 5.0;
				TARGETED_DEVICE_FAMILY = "1,2";
				TEST_TARGET_NAME = NEWSVIPERUIKIT;
			};
			name = Debug;
		};
		88C450382A4CDBA800A72CF2 /* Release */ = {
			isa = XCBuildConfiguration;
			buildSettings = {
				ALWAYS_EMBED_SWIFT_STANDARD_LIBRARIES = YES;
				CODE_SIGN_STYLE = Automatic;
				CURRENT_PROJECT_VERSION = 1;
				DEVELOPMENT_TEAM = 7N2H5HVDGB;
				GENERATE_INFOPLIST_FILE = YES;
				MARKETING_VERSION = 1.0;
				PRODUCT_BUNDLE_IDENTIFIER = com.oztech.NEWSVIPERUIKITUITests;
				PRODUCT_NAME = "$(TARGET_NAME)";
				SWIFT_EMIT_LOC_STRINGS = NO;
				SWIFT_VERSION = 5.0;
				TARGETED_DEVICE_FAMILY = "1,2";
				TEST_TARGET_NAME = NEWSVIPERUIKIT;
			};
			name = Release;
		};
/* End XCBuildConfiguration section */

/* Begin XCConfigurationList section */
		88C450012A4CDBA700A72CF2 /* Build configuration list for PBXProject "NEWSVIPERUIKIT" */ = {
			isa = XCConfigurationList;
			buildConfigurations = (
				88C4502E2A4CDBA800A72CF2 /* Debug */,
				88C4502F2A4CDBA800A72CF2 /* Release */,
			);
			defaultConfigurationIsVisible = 0;
			defaultConfigurationName = Release;
		};
		88C450302A4CDBA800A72CF2 /* Build configuration list for PBXNativeTarget "NEWSVIPERUIKIT" */ = {
			isa = XCConfigurationList;
			buildConfigurations = (
				88C450312A4CDBA800A72CF2 /* Debug */,
				88C450322A4CDBA800A72CF2 /* Release */,
			);
			defaultConfigurationIsVisible = 0;
			defaultConfigurationName = Release;
		};
		88C450332A4CDBA800A72CF2 /* Build configuration list for PBXNativeTarget "NEWSVIPERUIKITTests" */ = {
			isa = XCConfigurationList;
			buildConfigurations = (
				88C450342A4CDBA800A72CF2 /* Debug */,
				88C450352A4CDBA800A72CF2 /* Release */,
			);
			defaultConfigurationIsVisible = 0;
			defaultConfigurationName = Release;
		};
		88C450362A4CDBA800A72CF2 /* Build configuration list for PBXNativeTarget "NEWSVIPERUIKITUITests" */ = {
			isa = XCConfigurationList;
			buildConfigurations = (
				88C450372A4CDBA800A72CF2 /* Debug */,
				88C450382A4CDBA800A72CF2 /* Release */,
			);
			defaultConfigurationIsVisible = 0;
			defaultConfigurationName = Release;
		};
/* End XCConfigurationList section */

/* Begin XCRemoteSwiftPackageReference section */
		88C450802A4DF8E500A72CF2 /* XCRemoteSwiftPackageReference "SDWebImage" */ = {
			isa = XCRemoteSwiftPackageReference;
			repositoryURL = "https://github.com/SDWebImage/SDWebImage.git";
			requirement = {
				kind = upToNextMajorVersion;
				minimumVersion = 5.16.0;
			};
		};
/* End XCRemoteSwiftPackageReference section */

/* Begin XCSwiftPackageProductDependency section */
		88C450812A4DF8E500A72CF2 /* SDWebImage */ = {
			isa = XCSwiftPackageProductDependency;
			package = 88C450802A4DF8E500A72CF2 /* XCRemoteSwiftPackageReference "SDWebImage" */;
			productName = SDWebImage;
		};
/* End XCSwiftPackageProductDependency section */
	};
	rootObject = 88C44FFE2A4CDBA700A72CF2 /* Project object */;
}
